// !$*UTF8*$!
{
	archiveVersion = 1;
	classes = {
	};
	objectVersion = 46;
	objects = {

/* Begin PBXBuildFile section */
		798E52851CFEC215005EB03D /* main.m in Sources */ = {isa = PBXBuildFile; fileRef = 798E52841CFEC215005EB03D /* main.m */; };
		798E52881CFEC215005EB03D /* AppDelegate.m in Sources */ = {isa = PBXBuildFile; fileRef = 798E52871CFEC215005EB03D /* AppDelegate.m */; };
		798E528B1CFEC215005EB03D /* ViewController.m in Sources */ = {isa = PBXBuildFile; fileRef = 798E528A1CFEC215005EB03D /* ViewController.m */; };
		798E528E1CFEC215005EB03D /* Main.storyboard in Resources */ = {isa = PBXBuildFile; fileRef = 798E528C1CFEC215005EB03D /* Main.storyboard */; };
		798E52901CFEC215005EB03D /* Assets.xcassets in Resources */ = {isa = PBXBuildFile; fileRef = 798E528F1CFEC215005EB03D /* Assets.xcassets */; };
		798E52931CFEC215005EB03D /* LaunchScreen.storyboard in Resources */ = {isa = PBXBuildFile; fileRef = 798E52911CFEC215005EB03D /* LaunchScreen.storyboard */; };
		798E52A21CFEC3A6005EB03D /* Car.m in Sources */ = {isa = PBXBuildFile; fileRef = 798E52A11CFEC3A6005EB03D /* Car.m */; };
		798E52A51CFED42C005EB03D /* Bird.m in Sources */ = {isa = PBXBuildFile; fileRef = 798E52A41CFED42C005EB03D /* Bird.m */; };
/* End PBXBuildFile section */

/* Begin PBXFileReference section */
		798E52801CFEC215005EB03D /* 5. 判断, 动态增加方法.app */ = {isa = PBXFileReference; explicitFileType = wrapper.application; includeInIndex = 0; path = "5. 判断, 动态增加方法.app"; sourceTree = BUILT_PRODUCTS_DIR; };
		798E52841CFEC215005EB03D /* main.m */ = {isa = PBXFileReference; lastKnownFileType = sourcecode.c.objc; path = main.m; sourceTree = "<group>"; };
		798E52861CFEC215005EB03D /* AppDelegate.h */ = {isa = PBXFileReference; lastKnownFileType = sourcecode.c.h; path = AppDelegate.h; sourceTree = "<group>"; };
		798E52871CFEC215005EB03D /* AppDelegate.m */ = {isa = PBXFileReference; lastKnownFileType = sourcecode.c.objc; path = AppDelegate.m; sourceTree = "<group>"; };
		798E52891CFEC215005EB03D /* ViewController.h */ = {isa = PBXFileReference; lastKnownFileType = sourcecode.c.h; path = ViewController.h; sourceTree = "<group>"; };
		798E528A1CFEC215005EB03D /* ViewController.m */ = {isa = PBXFileReference; lastKnownFileType = sourcecode.c.objc; path = ViewController.m; sourceTree = "<group>"; };
		798E528D1CFEC215005EB03D /* Base */ = {isa = PBXFileReference; lastKnownFileType = file.storyboard; name = Base; path = Base.lproj/Main.storyboard; sourceTree = "<group>"; };
		798E528F1CFEC215005EB03D /* Assets.xcassets */ = {isa = PBXFileReference; lastKnownFileType = folder.assetcatalog; path = Assets.xcassets; sourceTree = "<group>"; };
		798E52921CFEC215005EB03D /* Base */ = {isa = PBXFileReference; lastKnownFileType = file.storyboard; name = Base; path = Base.lproj/LaunchScreen.storyboard; sourceTree = "<group>"; };
		798E52941CFEC215005EB03D /* Info.plist */ = {isa = PBXFileReference; lastKnownFileType = text.plist.xml; path = Info.plist; sourceTree = "<group>"; };
		798E52A01CFEC3A6005EB03D /* Car.h */ = {isa = PBXFileReference; fileEncoding = 4; lastKnownFileType = sourcecode.c.h; path = Car.h; sourceTree = "<group>"; };
		798E52A11CFEC3A6005EB03D /* Car.m */ = {isa = PBXFileReference; fileEncoding = 4; lastKnownFileType = sourcecode.c.objc; path = Car.m; sourceTree = "<group>"; };
		798E52A31CFED42C005EB03D /* Bird.h */ = {isa = PBXFileReference; fileEncoding = 4; lastKnownFileType = sourcecode.c.h; path = Bird.h; sourceTree = "<group>"; };
		798E52A41CFED42C005EB03D /* Bird.m */ = {isa = PBXFileReference; fileEncoding = 4; lastKnownFileType = sourcecode.c.objc; path = Bird.m; sourceTree = "<group>"; };
/* End PBXFileReference section */

/* Begin PBXFrameworksBuildPhase section */
		798E527D1CFEC215005EB03D /* Frameworks */ = {
			isa = PBXFrameworksBuildPhase;
			buildActionMask = 2147483647;
			files = (
			);
			runOnlyForDeploymentPostprocessing = 0;
		};
/* End PBXFrameworksBuildPhase section */

/* Begin PBXGroup section */
		798E52771CFEC215005EB03D = {
			isa = PBXGroup;
			children = (
				798E52821CFEC215005EB03D /* 5. 判断, 动态增加方法 */,
				798E52811CFEC215005EB03D /* Products */,
			);
			sourceTree = "<group>";
		};
		798E52811CFEC215005EB03D /* Products */ = {
			isa = PBXGroup;
			children = (
				798E52801CFEC215005EB03D /* 5. 判断, 动态增加方法.app */,
			);
			name = Products;
			sourceTree = "<group>";
		};
		798E52821CFEC215005EB03D /* 5. 判断, 动态增加方法 */ = {
			isa = PBXGroup;
			children = (
				798E52841CFEC215005EB03D /* main.m */,
				798E52A01CFEC3A6005EB03D /* Car.h */,
				798E52A11CFEC3A6005EB03D /* Car.m */,
				798E52A31CFED42C005EB03D /* Bird.h */,
				798E52A41CFED42C005EB03D /* Bird.m */,
				798E52831CFEC215005EB03D /* Supporting Files */,
			);
			path = "5. 判断, 动态增加方法";
			sourceTree = "<group>";
		};
		798E52831CFEC215005EB03D /* Supporting Files */ = {
			isa = PBXGroup;
			children = (
				798E52861CFEC215005EB03D /* AppDelegate.h */,
				798E52871CFEC215005EB03D /* AppDelegate.m */,
				798E52891CFEC215005EB03D /* ViewController.h */,
				798E528A1CFEC215005EB03D /* ViewController.m */,
				798E528C1CFEC215005EB03D /* Main.storyboard */,
				798E528F1CFEC215005EB03D /* Assets.xcassets */,
				798E52911CFEC215005EB03D /* LaunchScreen.storyboard */,
				798E52941CFEC215005EB03D /* Info.plist */,
			);
			name = "Supporting Files";
			sourceTree = "<group>";
		};
/* End PBXGroup section */

/* Begin PBXNativeTarget section */
		798E527F1CFEC215005EB03D /* 5. 判断, 动态增加方法 */ = {
			isa = PBXNativeTarget;
			buildConfigurationList = 798E52971CFEC215005EB03D /* Build configuration list for PBXNativeTarget "5. 判断, 动态增加方法" */;
			buildPhases = (
				798E527C1CFEC215005EB03D /* Sources */,
				798E527D1CFEC215005EB03D /* Frameworks */,
				798E527E1CFEC215005EB03D /* Resources */,
			);
			buildRules = (
			);
			dependencies = (
			);
			name = "5. 判断, 动态增加方法";
			productName = "5. 判断, 动态增加方法";
			productReference = 798E52801CFEC215005EB03D /* 5. 判断, 动态增加方法.app */;
			productType = "com.apple.product-type.application";
		};
/* End PBXNativeTarget section */

/* Begin PBXProject section */
		798E52781CFEC215005EB03D /* Project object */ = {
			isa = PBXProject;
			attributes = {
				LastUpgradeCheck = 0730;
				ORGANIZATIONNAME = "Vincent-Xu";
				TargetAttributes = {
					798E527F1CFEC215005EB03D = {
						CreatedOnToolsVersion = 7.3.1;
						DevelopmentTeam = 48LTUYWZYX;
					};
				};
			};
			buildConfigurationList = 798E527B1CFEC215005EB03D /* Build configuration list for PBXProject "5. 判断, 动态增加方法" */;
			compatibilityVersion = "Xcode 3.2";
			developmentRegion = English;
			hasScannedForEncodings = 0;
			knownRegions = (
				en,
				Base,
			);
			mainGroup = 798E52771CFEC215005EB03D;
			productRefGroup = 798E52811CFEC215005EB03D /* Products */;
			projectDirPath = "";
			projectRoot = "";
			targets = (
				798E527F1CFEC215005EB03D /* 5. 判断, 动态增加方法 */,
			);
		};
/* End PBXProject section */

/* Begin PBXResourcesBuildPhase section */
		798E527E1CFEC215005EB03D /* Resources */ = {
			isa = PBXResourcesBuildPhase;
			buildActionMask = 2147483647;
			files = (
				798E52931CFEC215005EB03D /* LaunchScreen.storyboard in Resources */,
				798E52901CFEC215005EB03D /* Assets.xcassets in Resources */,
				798E528E1CFEC215005EB03D /* Main.storyboard in Resources */,
			);
			runOnlyForDeploymentPostprocessing = 0;
		};
/* End PBXResourcesBuildPhase section */

/* Begin PBXSourcesBuildPhase section */
		798E527C1CFEC215005EB03D /* Sources */ = {
			isa = PBXSourcesBuildPhase;
			buildActionMask = 2147483647;
			files = (
				798E52A51CFED42C005EB03D /* Bird.m in Sources */,
				798E52A21CFEC3A6005EB03D /* Car.m in Sources */,
				798E528B1CFEC215005EB03D /* ViewController.m in Sources */,
				798E52881CFEC215005EB03D /* AppDelegate.m in Sources */,
				798E52851CFEC215005EB03D /* main.m in Sources */,
			);
			runOnlyForDeploymentPostprocessing = 0;
		};
/* End PBXSourcesBuildPhase section */

/* Begin PBXVariantGroup section */
		798E528C1CFEC215005EB03D /* Main.storyboard */ = {
			isa = PBXVariantGroup;
			children = (
				798E528D1CFEC215005EB03D /* Base */,
			);
			name = Main.storyboard;
			sourceTree = "<group>";
		};
		798E52911CFEC215005EB03D /* LaunchScreen.storyboard */ = {
			isa = PBXVariantGroup;
			children = (
				798E52921CFEC215005EB03D /* Base */,
			);
			name = LaunchScreen.storyboard;
			sourceTree = "<group>";
		};
/* End PBXVariantGroup section */

/* Begin XCBuildConfiguration section */
		798E52951CFEC215005EB03D /* Debug */ = {
			isa = XCBuildConfiguration;
			buildSettings = {
				ALWAYS_SEARCH_USER_PATHS = NO;
				CLANG_ANALYZER_NONNULL = YES;
				CLANG_CXX_LANGUAGE_STANDARD = "gnu++0x";
				CLANG_CXX_LIBRARY = "libc++";
				CLANG_ENABLE_MODULES = YES;
				CLANG_ENABLE_OBJC_ARC = YES;
				CLANG_WARN_BOOL_CONVERSION = YES;
				CLANG_WARN_CONSTANT_CONVERSION = YES;
				CLANG_WARN_DIRECT_OBJC_ISA_USAGE = YES_ERROR;
				CLANG_WARN_EMPTY_BODY = YES;
				CLANG_WARN_ENUM_CONVERSION = YES;
				CLANG_WARN_INT_CONVERSION = YES;
				CLANG_WARN_OBJC_ROOT_CLASS = YES_ERROR;
				CLANG_WARN_UNREACHABLE_CODE = YES;
				CLANG_WARN__DUPLICATE_METHOD_MATCH = YES;
				"CODE_SIGN_IDENTITY[sdk=iphoneos*]" = "iPhone Developer";
				COPY_PHASE_STRIP = NO;
				DEBUG_INFORMATION_FORMAT = dwarf;
				ENABLE_STRICT_OBJC_MSGSEND = YES;
				ENABLE_TESTABILITY = YES;
				GCC_C_LANGUAGE_STANDARD = gnu99;
				GCC_DYNAMIC_NO_PIC = NO;
				GCC_NO_COMMON_BLOCKS = YES;
				GCC_OPTIMIZATION_LEVEL = 0;
				GCC_PREPROCESSOR_DEFINITIONS = (
					"DEBUG=1",
					"$(inherited)",
				);
				GCC_WARN_64_TO_32_BIT_CONVERSION = YES;
				GCC_WARN_ABOUT_RETURN_TYPE = YES_ERROR;
				GCC_WARN_UNDECLARED_SELECTOR = YES;
				GCC_WARN_UNINITIALIZED_AUTOS = YES_AGGRESSIVE;
				GCC_WARN_UNUSED_FUNCTION = YES;
				GCC_WARN_UNUSED_VARIABLE = YES;
				IPHONEOS_DEPLOYMENT_TARGET = 9.3;
				MTL_ENABLE_DEBUG_INFO = YES;
				ONLY_ACTIVE_ARCH = YES;
				SDKROOT = iphoneos;
			};
			name = Debug;
		};
		798E52961CFEC215005EB03D /* Release */ = {
			isa = XCBuildConfiguration;
			buildSettings = {
				ALWAYS_SEARCH_USER_PATHS = NO;
				CLANG_ANALYZER_NONNULL = YES;
				CLANG_CXX_LANGUAGE_STANDARD = "gnu++0x";
				CLANG_CXX_LIBRARY = "libc++";
				CLANG_ENABLE_MODULES = YES;
				CLANG_ENABLE_OBJC_ARC = YES;
				CLANG_WARN_BOOL_CONVERSION = YES;
				CLANG_WARN_CONSTANT_CONVERSION = YES;
				CLANG_WARN_DIRECT_OBJC_ISA_USAGE = YES_ERROR;
				CLANG_WARN_EMPTY_BODY = YES;
				CLANG_WARN_ENUM_CONVERSION = YES;
				CLANG_WARN_INT_CONVERSION = YES;
				CLANG_WARN_OBJC_ROOT_CLASS = YES_ERROR;
				CLANG_WARN_UNREACHABLE_CODE = YES;
				CLANG_WARN__DUPLICATE_METHOD_MATCH = YES;
				"CODE_SIGN_IDENTITY[sdk=iphoneos*]" = "iPhone Developer";
				COPY_PHASE_STRIP = NO;
				DEBUG_INFORMATION_FORMAT = "dwarf-with-dsym";
				ENABLE_NS_ASSERTIONS = NO;
				ENABLE_STRICT_OBJC_MSGSEND = YES;
				GCC_C_LANGUAGE_STANDARD = gnu99;
				GCC_NO_COMMON_BLOCKS = YES;
				GCC_WARN_64_TO_32_BIT_CONVERSION = YES;
				GCC_WARN_ABOUT_RETURN_TYPE = YES_ERROR;
				GCC_WARN_UNDECLARED_SELECTOR = YES;
				GCC_WARN_UNINITIALIZED_AUTOS = YES_AGGRESSIVE;
				GCC_WARN_UNUSED_FUNCTION = YES;
				GCC_WARN_UNUSED_VARIABLE = YES;
				IPHONEOS_DEPLOYMENT_TARGET = 9.3;
				MTL_ENABLE_DEBUG_INFO = NO;
				SDKROOT = iphoneos;
				VALIDATE_PRODUCT = YES;
			};
			name = Release;
		};
		798E52981CFEC215005EB03D /* Debug */ = {
			isa = XCBuildConfiguration;
			buildSettings = {
				ASSETCATALOG_COMPILER_APPICON_NAME = AppIcon;
				INFOPLIST_FILE = "5. 判断, 动态增加方法/Info.plist";
				LD_RUNPATH_SEARCH_PATHS = "$(inherited) @executable_path/Frameworks";
				PRODUCT_BUNDLE_IDENTIFIER = "cn.com.lianbi.-------------";
				PRODUCT_NAME = "$(TARGET_NAME)";
			};
			name = Debug;
		};
		798E52991CFEC215005EB03D /* Release */ = {
			isa = XCBuildConfiguration;
			buildSettings = {
				ASSETCATALOG_COMPILER_APPICON_NAME = AppIcon;
				INFOPLIST_FILE = "5. 判断, 动态增加方法/Info.plist";
				LD_RUNPATH_SEARCH_PATHS = "$(inherited) @executable_path/Frameworks";
				PRODUCT_BUNDLE_IDENTIFIER = "cn.com.lianbi.-------------";
				PRODUCT_NAME = "$(TARGET_NAME)";
			};
			name = Release;
		};
/* End XCBuildConfiguration section */

/* Begin XCConfigurationList section */
		798E527B1CFEC215005EB03D /* Build configuration list for PBXProject "5. 判断, 动态增加方法" */ = {
			isa = XCConfigurationList;
			buildConfigurations = (
				798E52951CFEC215005EB03D /* Debug */,
				798E52961CFEC215005EB03D /* Release */,
			);
			defaultConfigurationIsVisible = 0;
			defaultConfigurationName = Release;
		};
		798E52971CFEC215005EB03D /* Build configuration list for PBXNativeTarget "5. 判断, 动态增加方法" */ = {
			isa = XCConfigurationList;
			buildConfigurations = (
				798E52981CFEC215005EB03D /* Debug */,
				798E52991CFEC215005EB03D /* Release */,
			);
			defaultConfigurationIsVisible = 0;
		};
/* End XCConfigurationList section */
	};
	rootObject = 798E52781CFEC215005EB03D /* Project object */;
}
